{
  "name": "kodr-cli",
  "version": "0.0.82",
  "lockfileVersion": 3,
  "requires": true,
  "packages": {
    "": {
      "name": "kodr-cli",
      "version": "0.0.82",
      "license": "MIT",
      "bin": {
        "kodr": "bin/kodr.mjs"
      },
      "engines": {
        "node": ">=24"
      }
    }
  }
}
